
Microsoft Visual Studio Solution File, Format Version 12.00
# Visual Studio Version 17
VisualStudioVersion = 17.9.34616.47
MinimumVisualStudioVersion = 10.0.40219.1
Project("{FAE04EC0-301F-11D3-BF4B-00C04F79EFBC}") = "BlogsV2", "BlogsV2.csproj", "{5FF10295-F94F-43ED-8D65-1C6D7DB4257A}"
EndProject
Global
	GlobalSection(SolutionConfigurationPlatforms) = preSolution
		Debug|Any CPU = Debug|Any CPU
		Release|Any CPU = Release|Any CPU
	EndGlobalSection
	GlobalSection(ProjectConfigurationPlatforms) = postSolution
		{5FF10295-F94F-43ED-8D65-1C6D7DB4257A}.Debug|Any CPU.ActiveCfg = Debug|Any CPU
		{5FF10295-F94F-43ED-8D65-1C6D7DB4257A}.Debug|Any CPU.Build.0 = Debug|Any CPU
		{5FF10295-F94F-43ED-8D65-1C6D7DB4257A}.Release|Any CPU.ActiveCfg = Release|Any CPU
		{5FF10295-F94F-43ED-8D65-1C6D7DB4257A}.Release|Any CPU.Build.0 = Release|Any CPU
	EndGlobalSection
	GlobalSection(SolutionProperties) = preSolution
		HideSolutionNode = FALSE
	EndGlobalSection
	GlobalSection(ExtensibilityGlobals) = postSolution
		SolutionGuid = {62EF1D8B-F931-44A1-A46E-1E48229BCDF8}
	EndGlobalSection
EndGlobal
